
Microsoft Visual Studio Solution File, Format Version 12.00
# Visual Studio Version 16
VisualStudioVersion = 16.0.31613.86
MinimumVisualStudioVersion = 10.0.40219.1
Project("{9A19103F-16F7-4668-BE54-9A1E7A4F7556}") = "ProjektFinal", "ProjektFinal\ProjektFinal.csproj", "{DC68E24D-C8D8-49BC-B8D6-5365A51629B6}"
EndProject
Project("{FAE04EC0-301F-11D3-BF4B-00C04F79EFBC}") = "LoggerService", "LoggerService\LoggerService.csproj", "{7C4D0710-E6B1-4DBE-A7B5-CC53BCFC597C}"
EndProject
Project("{FAE04EC0-301F-11D3-BF4B-00C04F79EFBC}") = "NlogInterface", "NlogInterface\NlogInterface.csproj", "{C4C5A223-DB52-468E-8531-D360445BF7D6}"
EndProject
Global
	GlobalSection(SolutionConfigurationPlatforms) = preSolution
		Debug|Any CPU = Debug|Any CPU
		Release|Any CPU = Release|Any CPU
	EndGlobalSection
	GlobalSection(ProjectConfigurationPlatforms) = postSolution
		{DC68E24D-C8D8-49BC-B8D6-5365A51629B6}.Debug|Any CPU.ActiveCfg = Debug|Any CPU
		{DC68E24D-C8D8-49BC-B8D6-5365A51629B6}.Debug|Any CPU.Build.0 = Debug|Any CPU
		{DC68E24D-C8D8-49BC-B8D6-5365A51629B6}.Release|Any CPU.ActiveCfg = Release|Any CPU
		{DC68E24D-C8D8-49BC-B8D6-5365A51629B6}.Release|Any CPU.Build.0 = Release|Any CPU
		{7C4D0710-E6B1-4DBE-A7B5-CC53BCFC597C}.Debug|Any CPU.ActiveCfg = Debug|Any CPU
		{7C4D0710-E6B1-4DBE-A7B5-CC53BCFC597C}.Debug|Any CPU.Build.0 = Debug|Any CPU
		{7C4D0710-E6B1-4DBE-A7B5-CC53BCFC597C}.Release|Any CPU.ActiveCfg = Release|Any CPU
		{7C4D0710-E6B1-4DBE-A7B5-CC53BCFC597C}.Release|Any CPU.Build.0 = Release|Any CPU
		{C4C5A223-DB52-468E-8531-D360445BF7D6}.Debug|Any CPU.ActiveCfg = Debug|Any CPU
		{C4C5A223-DB52-468E-8531-D360445BF7D6}.Debug|Any CPU.Build.0 = Debug|Any CPU
		{C4C5A223-DB52-468E-8531-D360445BF7D6}.Release|Any CPU.ActiveCfg = Release|Any CPU
		{C4C5A223-DB52-468E-8531-D360445BF7D6}.Release|Any CPU.Build.0 = Release|Any CPU
	EndGlobalSection
	GlobalSection(SolutionProperties) = preSolution
		HideSolutionNode = FALSE
	EndGlobalSection
	GlobalSection(ExtensibilityGlobals) = postSolution
		SolutionGuid = {E82628DF-CD8E-4E50-B115-2FF891C2399B}
	EndGlobalSection
EndGlobal
